
Microsoft Visual Studio Solution File, Format Version 12.00
# Visual Studio 15
VisualStudioVersion = 15.0.27703.2035
MinimumVisualStudioVersion = 10.0.40219.1
Project("{9A19103F-16F7-4668-BE54-9A1E7A4F7556}") = "Boardgame", "Boardgame\Boardgame.csproj", "{1A5350DE-5B29-4C70-97D7-5299DE8DAC91}"
EndProject
Project("{9A19103F-16F7-4668-BE54-9A1E7A4F7556}") = "DataLayer", "DataLayer\DataLayer.csproj", "{78F3765D-4D12-4C22-B0B6-79AF9C916C14}"
EndProject
Global
	GlobalSection(SolutionConfigurationPlatforms) = preSolution
		Debug|Any CPU = Debug|Any CPU
		Release|Any CPU = Release|Any CPU
	EndGlobalSection
	GlobalSection(ProjectConfigurationPlatforms) = postSolution
		{1A5350DE-5B29-4C70-97D7-5299DE8DAC91}.Debug|Any CPU.ActiveCfg = Debug|Any CPU
		{1A5350DE-5B29-4C70-97D7-5299DE8DAC91}.Debug|Any CPU.Build.0 = Debug|Any CPU
		{1A5350DE-5B29-4C70-97D7-5299DE8DAC91}.Release|Any CPU.ActiveCfg = Release|Any CPU
		{1A5350DE-5B29-4C70-97D7-5299DE8DAC91}.Release|Any CPU.Build.0 = Release|Any CPU
		{78F3765D-4D12-4C22-B0B6-79AF9C916C14}.Debug|Any CPU.ActiveCfg = Debug|Any CPU
		{78F3765D-4D12-4C22-B0B6-79AF9C916C14}.Debug|Any CPU.Build.0 = Debug|Any CPU
		{78F3765D-4D12-4C22-B0B6-79AF9C916C14}.Release|Any CPU.ActiveCfg = Release|Any CPU
		{78F3765D-4D12-4C22-B0B6-79AF9C916C14}.Release|Any CPU.Build.0 = Release|Any CPU
	EndGlobalSection
	GlobalSection(SolutionProperties) = preSolution
		HideSolutionNode = FALSE
	EndGlobalSection
	GlobalSection(ExtensibilityGlobals) = postSolution
		SolutionGuid = {005A7D86-762A-42F6-A38B-85E5D0DFD62F}
	EndGlobalSection
EndGlobal
